Microsoft Visual Studio Solution File, Format Version 12.00
# Visual Studio Version 17
VisualStudioVersion = 17.5.2.0
MinimumVisualStudioVersion = 10.0.40219.1
Project("{FAE04EC0-301F-11D3-BF4B-00C04F79EFBC}") = "CurrencyTracker", "CurrencyTracker.csproj", "{B81375E3-735E-286D-A08C-98DB77CD43A5}"
EndProject
Global
	GlobalSection(SolutionConfigurationPlatforms) = preSolution
		Debug|Any CPU = Debug|Any CPU
		Release|Any CPU = Release|Any CPU
	EndGlobalSection
	GlobalSection(ProjectConfigurationPlatforms) = postSolution
		{B81375E3-735E-286D-A08C-98DB77CD43A5}.Debug|Any CPU.ActiveCfg = Debug|Any CPU
		{B81375E3-735E-286D-A08C-98DB77CD43A5}.Debug|Any CPU.Build.0 = Debug|Any CPU
		{B81375E3-735E-286D-A08C-98DB77CD43A5}.Release|Any CPU.ActiveCfg = Release|Any CPU
		{B81375E3-735E-286D-A08C-98DB77CD43A5}.Release|Any CPU.Build.0 = Release|Any CPU
	EndGlobalSection
	GlobalSection(SolutionProperties) = preSolution
		HideSolutionNode = FALSE
	EndGlobalSection
	GlobalSection(ExtensibilityGlobals) = postSolution
		SolutionGuid = {330CD255-981B-4575-8ECF-7B3D41B972C5}
	EndGlobalSection
EndGlobal
